
Microsoft Visual Studio Solution File, Format Version 12.00
# Visual Studio Version 16
VisualStudioVersion = 16.0.31702.278
MinimumVisualStudioVersion = 10.0.40219.1
Project("{8BC9CEB8-8B4A-11D0-8D11-00A0C91BC942}") = "WinCource", "WinCource\WinCource.vcxproj", "{12C96C5C-0DF9-4B7B-9D4E-71E0F3D11118}"
EndProject
Project("{8BC9CEB8-8B4A-11D0-8D11-00A0C91BC942}") = "CourceProj1", "..\..\Пулучение сообщений с буфера обмена\CourceProj1\CourceProj1\CourceProj1.vcxproj", "{2A63DB80-0C75-4EB9-9BF4-34B6F7EEAF60}"
EndProject
Project("{8BC9CEB8-8B4A-11D0-8D11-00A0C91BC942}") = "Testfile", "Testfile\Testfile.vcxproj", "{594F32A9-1AE2-4092-9290-6CFC4B9FA0A3}"
EndProject
Project("{8BC9CEB8-8B4A-11D0-8D11-00A0C91BC942}") = "GUI_Test", "GUI_Test\GUI_Test.vcxproj", "{D6CD08B1-12E5-437E-9992-E0B6CB57F36C}"
EndProject
Global
	GlobalSection(SolutionConfigurationPlatforms) = preSolution
		Debug|x64 = Debug|x64
		Debug|x86 = Debug|x86
		Release|x64 = Release|x64
		Release|x86 = Release|x86
	EndGlobalSection
	GlobalSection(ProjectConfigurationPlatforms) = postSolution
		{12C96C5C-0DF9-4B7B-9D4E-71E0F3D11118}.Debug|x64.ActiveCfg = Debug|x64
		{12C96C5C-0DF9-4B7B-9D4E-71E0F3D11118}.Debug|x64.Build.0 = Debug|x64
		{12C96C5C-0DF9-4B7B-9D4E-71E0F3D11118}.Debug|x86.ActiveCfg = Debug|Win32
		{12C96C5C-0DF9-4B7B-9D4E-71E0F3D11118}.Debug|x86.Build.0 = Debug|Win32
		{12C96C5C-0DF9-4B7B-9D4E-71E0F3D11118}.Release|x64.ActiveCfg = Release|x64
		{12C96C5C-0DF9-4B7B-9D4E-71E0F3D11118}.Release|x64.Build.0 = Release|x64
		{12C96C5C-0DF9-4B7B-9D4E-71E0F3D11118}.Release|x86.ActiveCfg = Release|Win32
		{12C96C5C-0DF9-4B7B-9D4E-71E0F3D11118}.Release|x86.Build.0 = Release|Win32
		{2A63DB80-0C75-4EB9-9BF4-34B6F7EEAF60}.Debug|x64.ActiveCfg = Debug|x64
		{2A63DB80-0C75-4EB9-9BF4-34B6F7EEAF60}.Debug|x64.Build.0 = Debug|x64
		{2A63DB80-0C75-4EB9-9BF4-34B6F7EEAF60}.Debug|x86.ActiveCfg = Debug|Win32
		{2A63DB80-0C75-4EB9-9BF4-34B6F7EEAF60}.Debug|x86.Build.0 = Debug|Win32
		{2A63DB80-0C75-4EB9-9BF4-34B6F7EEAF60}.Release|x64.ActiveCfg = Release|x64
		{2A63DB80-0C75-4EB9-9BF4-34B6F7EEAF60}.Release|x64.Build.0 = Release|x64
		{2A63DB80-0C75-4EB9-9BF4-34B6F7EEAF60}.Release|x86.ActiveCfg = Release|Win32
		{2A63DB80-0C75-4EB9-9BF4-34B6F7EEAF60}.Release|x86.Build.0 = Release|Win32
		{594F32A9-1AE2-4092-9290-6CFC4B9FA0A3}.Debug|x64.ActiveCfg = Debug|x64
		{594F32A9-1AE2-4092-9290-6CFC4B9FA0A3}.Debug|x64.Build.0 = Debug|x64
		{594F32A9-1AE2-4092-9290-6CFC4B9FA0A3}.Debug|x86.ActiveCfg = Debug|Win32
		{594F32A9-1AE2-4092-9290-6CFC4B9FA0A3}.Debug|x86.Build.0 = Debug|Win32
		{594F32A9-1AE2-4092-9290-6CFC4B9FA0A3}.Release|x64.ActiveCfg = Release|x64
		{594F32A9-1AE2-4092-9290-6CFC4B9FA0A3}.Release|x64.Build.0 = Release|x64
		{594F32A9-1AE2-4092-9290-6CFC4B9FA0A3}.Release|x86.ActiveCfg = Release|Win32
		{594F32A9-1AE2-4092-9290-6CFC4B9FA0A3}.Release|x86.Build.0 = Release|Win32
		{D6CD08B1-12E5-437E-9992-E0B6CB57F36C}.Debug|x64.ActiveCfg = Debug|x64
		{D6CD08B1-12E5-437E-9992-E0B6CB57F36C}.Debug|x64.Build.0 = Debug|x64
		{D6CD08B1-12E5-437E-9992-E0B6CB57F36C}.Debug|x86.ActiveCfg = Debug|Win32
		{D6CD08B1-12E5-437E-9992-E0B6CB57F36C}.Debug|x86.Build.0 = Debug|Win32
		{D6CD08B1-12E5-437E-9992-E0B6CB57F36C}.Release|x64.ActiveCfg = Release|x64
		{D6CD08B1-12E5-437E-9992-E0B6CB57F36C}.Release|x64.Build.0 = Release|x64
		{D6CD08B1-12E5-437E-9992-E0B6CB57F36C}.Release|x86.ActiveCfg = Release|Win32
		{D6CD08B1-12E5-437E-9992-E0B6CB57F36C}.Release|x86.Build.0 = Release|Win32
	EndGlobalSection
	GlobalSection(SolutionProperties) = preSolution
		HideSolutionNode = FALSE
	EndGlobalSection
	GlobalSection(ExtensibilityGlobals) = postSolution
		SolutionGuid = {95740E77-8FB5-480B-9E00-A6B39C40DCCD}
	EndGlobalSection
EndGlobal
